
Microsoft Visual Studio Solution File, Format Version 12.00
# Visual Studio Version 17
VisualStudioVersion = 17.0.32112.339
MinimumVisualStudioVersion = 10.0.40219.1
Project("{FAE04EC0-301F-11D3-BF4B-00C04F79EFBC}") = "RoutingWithBikes", "RoutingWithBikes\RoutingWithBikes.csproj", "{14DFBEF4-88E9-435A-BA08-1490D73C4A4A}"
	ProjectSection(ProjectDependencies) = postProject
		{CAD4BEF1-E54C-4785-A089-A7E495950A53} = {CAD4BEF1-E54C-4785-A089-A7E495950A53}
	EndProjectSection
EndProject
Project("{FAE04EC0-301F-11D3-BF4B-00C04F79EFBC}") = "HeavyClient", "HeavyClient\HeavyClient.csproj", "{03EE3011-0C1D-45B1-BC34-D4F652ABE5BD}"
	ProjectSection(ProjectDependencies) = postProject
		{14DFBEF4-88E9-435A-BA08-1490D73C4A4A} = {14DFBEF4-88E9-435A-BA08-1490D73C4A4A}
	EndProjectSection
EndProject
Project("{FAE04EC0-301F-11D3-BF4B-00C04F79EFBC}") = "WebProxyService", "WebProxyService\WebProxyService.csproj", "{CAD4BEF1-E54C-4785-A089-A7E495950A53}"
EndProject
Global
	GlobalSection(SolutionConfigurationPlatforms) = preSolution
		Debug|Any CPU = Debug|Any CPU
		Release|Any CPU = Release|Any CPU
	EndGlobalSection
	GlobalSection(ProjectConfigurationPlatforms) = postSolution
		{14DFBEF4-88E9-435A-BA08-1490D73C4A4A}.Debug|Any CPU.ActiveCfg = Debug|Any CPU
		{14DFBEF4-88E9-435A-BA08-1490D73C4A4A}.Debug|Any CPU.Build.0 = Debug|Any CPU
		{14DFBEF4-88E9-435A-BA08-1490D73C4A4A}.Release|Any CPU.ActiveCfg = Release|Any CPU
		{14DFBEF4-88E9-435A-BA08-1490D73C4A4A}.Release|Any CPU.Build.0 = Release|Any CPU
		{03EE3011-0C1D-45B1-BC34-D4F652ABE5BD}.Debug|Any CPU.ActiveCfg = Debug|Any CPU
		{03EE3011-0C1D-45B1-BC34-D4F652ABE5BD}.Debug|Any CPU.Build.0 = Debug|Any CPU
		{03EE3011-0C1D-45B1-BC34-D4F652ABE5BD}.Release|Any CPU.ActiveCfg = Release|Any CPU
		{03EE3011-0C1D-45B1-BC34-D4F652ABE5BD}.Release|Any CPU.Build.0 = Release|Any CPU
		{CAD4BEF1-E54C-4785-A089-A7E495950A53}.Debug|Any CPU.ActiveCfg = Debug|Any CPU
		{CAD4BEF1-E54C-4785-A089-A7E495950A53}.Debug|Any CPU.Build.0 = Debug|Any CPU
		{CAD4BEF1-E54C-4785-A089-A7E495950A53}.Release|Any CPU.ActiveCfg = Release|Any CPU
		{CAD4BEF1-E54C-4785-A089-A7E495950A53}.Release|Any CPU.Build.0 = Release|Any CPU
	EndGlobalSection
	GlobalSection(SolutionProperties) = preSolution
		HideSolutionNode = FALSE
	EndGlobalSection
	GlobalSection(ExtensibilityGlobals) = postSolution
		SolutionGuid = {7718AC5D-8F17-45D6-A908-A0FD6D596A6A}
	EndGlobalSection
EndGlobal
